[[projects]]
  name = "github.com/sumanmehtain/testsnyk.git"
  packages = [
    ".",
    "auth",
    "cache",
    "config",
    "features",
    "hosting",
    "metrics",
    "middleware",
    "net_utils",
    "patch/syslog",
    "testutils",
    "utils",
    "utils/helper"
  ]
  revision = "dea96e231fa76bd3aaf842dc13c7662a09254ffd"
  version = "v6.0.3"

[[projects]]
  name = "github.com/BurntSushi/toml"
  packages = ["."]
  revision = "2ceedfee35ad3848e49308ab0c9a4f640cfb5fb2"
  version = "v0.1.0"

[solve-meta]
  analyzer-name = "dep"
  analyzer-version = 1
  inputs-digest = "7bd6784bf8a2ce4716073e308bd8e42a6f68dbf8da102f26fae7e15bb20da67b"
  solver-name = "gps-cdcl"
  solver-version = 1
