[[projects]]
  name = "github.com/sumanmehtain/testsnyk.git"
  packages = [
    ".",
    "auth",
    "cache",
    "config",
    "features",
    "hosting",
    "metrics",
    "middleware",
    "net_utils",
    "patch/syslog",
    "testutils",
    "utils",
    "utils/helper"
  ]
  revision = "dea96e231fa76bd3aaf842dc13c7662a09254ffd"
  version = "v6.0.3"

[[projects]]
  name = "github.com/BurntSushi/toml"
  packages = ["."]
  revision = "2ceedfee35ad3848e49308ab0c9a4f640cfb5fb2"
  version = "v0.1.0"

[[projects]]
  name = "github.com/DataDog/datadog-go"
  packages = ["statsd"]
  revision = "a27810dd518c69be741a7fd5d0e39f674f615be8"

[[projects]]
  name = "github.com/Jeffail/gabs"
  packages = ["."]
  revision = "9cef256b595a9e616eb6aec1da446529b7705613"

[[projects]]
  name = "github.com/armon/go-metrics"
  packages = ["."]
  revision = "a54701ebec11868993bc198c3f315353e9de2ed6"

[[projects]]
  name = "github.com/aws/aws-sdk-go"
  packages = [
    "aws",
    "aws/awserr",
    "aws/awsutil",
    "aws/client",
    "aws/client/metadata",
    "aws/corehandlers",
    "aws/credentials",
    "aws/credentials/ec2rolecreds",
    "aws/credentials/endpointcreds",
    "aws/credentials/stscreds",
    "aws/defaults",
    "aws/ec2metadata",
    "aws/endpoints",
    "aws/request",
    "aws/session",
    "aws/signer/v4",
    "internal/sdkrand",
    "internal/shareddefaults",
    "private/protocol",
    "private/protocol/query",
    "private/protocol/query/queryutil",
    "private/protocol/rest",
    "private/protocol/restxml",
    "private/protocol/xml/xmlutil",
    "service/elasticache",
    "service/s3",
    "service/s3/s3iface",
    "service/s3/s3manager",
    "service/sts"
  ]
  revision = "bff41fb23b7550368282029f6478819d6a99ae0f"
  version = "v1.12.79"

[[projects]]
  name = "github.com/bradfitz/gomemcache"
  packages = ["memcache"]
  revision = "72a68649ba712ee7c4b5b4a943a626bcd7d90eb8"

[[projects]]
  name = "github.com/cbroglie/mustache"
  packages = ["."]
  revision = "6857e4b493bdb8d4b1931446eb41704aeb4c28cb"

[[projects]]
  name = "github.com/garyburd/redigo"
  packages = [
    "internal",
    "redis"
  ]
  revision = "d1ed5c67e5794de818ea85e6b522fda02623a484"
  source = "github.com/gomodule/redigo"
  version = "v1.5.0"

[[projects]]
  name = "github.com/go-ini/ini"
  packages = ["."]
  revision = "5e9692864e22d02ac79e2fa499cffb00520b4fea"
  version = "v1.34.0"

[[projects]]
  name = "github.com/go-stack/stack"
  packages = ["."]
  revision = "100eb0c0a9c5b306ca2fb4f165df21d80ada4b82"
  version = "v1.5.2"

[[projects]]
  name = "github.com/golang/mock"
  packages = ["gomock"]
  revision = "bd3c8e81be01eef76d4b503f5e687d2d1354d2d9"

[[projects]]
  name = "github.com/inconshreveable/log15"
  packages = [
    ".",
    "term"
  ]
  revision = "20bca5a7a57282e241fac83ec9ea42538027f1c1"

[[projects]]
  name = "github.com/jmespath/go-jmespath"
  packages = ["."]
  revision = "0b12d6b5"

[[projects]]
  name = "github.com/julienschmidt/httprouter"
  packages = ["."]
  revision = "999ba04938b528fb4fb859231ee929958b8db4a6"

[[projects]]
  name = "github.com/martini-contrib/cors"
  packages = ["."]
  revision = "c3837f3383e5a50b5c31ba3c27d9bb467104cd45"

[[projects]]
  name = "github.com/mattn/go-colorable"
  packages = ["."]
  revision = "9056b7a9f2d1f2d96498d6d146acd1f9d5ed3d59"
  version = "v0.0.5"

[[projects]]
  name = "github.com/mattn/go-isatty"
  packages = ["."]
  revision = "56b76bdf51f7708750eac80fa38b952bb9f32639"

[[projects]]
  name = "github.com/nu7hatch/gouuid"
  packages = ["."]
  revision = "179d4d0c4d8d407a32af483c2354df1d2c91e6c3"

[[projects]]
  name = "golang.org/x/sys"
  packages = ["unix"]
  revision = "076b546753157f758b316e59bcb51e6807c04057"

[[projects]]
  name = "golang.org/x/text"
  packages = [
    "cldr",
    "internal/gen",
    "internal/triegen",
    "internal/ucd",
    "transform",
    "unicode/norm"
  ]
  revision = "000f7931a17f0f04e23439048261610568d66a32"

[solve-meta]
  analyzer-name = "dep"
  analyzer-version = 1
  inputs-digest = "7bd6784bf8a2ce4716073e308bd8e42a6f68dbf8da102f26fae7e15bb20da67b"
  solver-name = "gps-cdcl"
  solver-version = 1
